
Microsoft Visual Studio Solution File, Format Version 12.00
# Visual Studio Version 16
VisualStudioVersion = 16.0.29215.179
MinimumVisualStudioVersion = 10.0.40219.1
Project("{9A19103F-16F7-4668-BE54-9A1E7A4F7556}") = "Lottery_Bets", "Lottery_Bets\Lottery_Bets.csproj", "{4A03EFCA-673A-4F46-9C68-2F7B6D27DA84}"
EndProject
Project("{2150E333-8FDC-42A3-9474-1A3956D46DE8}") = "Base", "Base", "{EFBBA5D3-028D-4911-BB6C-19F976CBD25D}"
EndProject
Project("{9A19103F-16F7-4668-BE54-9A1E7A4F7556}") = "HttpHelp", "Help\HttpHelp.csproj", "{16CEF8D2-7D6A-4A45-B8C3-1735C1C49F59}"
EndProject
Project("{2150E333-8FDC-42A3-9474-1A3956D46DE8}") = "Services", "Services", "{79039FF4-9D69-49E7-82C1-4B43EC6E4685}"
EndProject
Project("{9A19103F-16F7-4668-BE54-9A1E7A4F7556}") = "IService", "IService\IService.csproj", "{5D99B728-43C3-4A82-A792-550F5A08FAB6}"
EndProject
Project("{9A19103F-16F7-4668-BE54-9A1E7A4F7556}") = "Service", "ServiceRepository\Service.csproj", "{E684D36C-D2A1-4CE9-BCC5-EE3A3BFB1012}"
EndProject
Project("{9A19103F-16F7-4668-BE54-9A1E7A4F7556}") = "ViewModel", "ViewModel\ViewModel.csproj", "{58EA82ED-A0C7-4BC0-9A30-87688EDC6A15}"
EndProject
Project("{2150E333-8FDC-42A3-9474-1A3956D46DE8}") = "Repositorys", "Repositorys", "{1FB5AD18-BC8C-424A-89DA-12AAAD1CA38B}"
EndProject
Project("{9A19103F-16F7-4668-BE54-9A1E7A4F7556}") = "IRepository", "IRepository\IRepository.csproj", "{B20E3ABA-95D7-4AB6-8896-85850F857B8F}"
EndProject
Project("{9A19103F-16F7-4668-BE54-9A1E7A4F7556}") = "Repository", "Repository\Repository.csproj", "{88E7B3D9-7413-4DA6-AB9F-2AA357CAC582}"
EndProject
Project("{9A19103F-16F7-4668-BE54-9A1E7A4F7556}") = "Entity", "Entity\Entity.csproj", "{14241BF0-947E-4A26-A0E2-6B679BC5FC31}"
EndProject
Project("{9A19103F-16F7-4668-BE54-9A1E7A4F7556}") = "OtherHelp", "OtherHelp\OtherHelp.csproj", "{5EF8768D-635A-48A3-8270-2F3DA8AC53D7}"
EndProject
Project("{9A19103F-16F7-4668-BE54-9A1E7A4F7556}") = "Common", "Common\Common.csproj", "{4609B3CB-480C-4330-91DD-8441D990B743}"
EndProject
Project("{9A19103F-16F7-4668-BE54-9A1E7A4F7556}") = "Timing_Tasks", "Timing_Tasks\Timing_Tasks.csproj", "{AD6546D5-E027-48FA-83A8-78D627442854}"
EndProject
Project("{9A19103F-16F7-4668-BE54-9A1E7A4F7556}") = "Core", "Core\Core.csproj", "{9F869896-DC4B-4EBC-866F-407E5208C154}"
EndProject
Project("{FAE04EC0-301F-11D3-BF4B-00C04F79EFBC}") = "Lottery_WinForm", "Lottery_WinForm\Lottery_WinForm.csproj", "{59E20193-3D74-49A4-BB48-6586165CAC8D}"
EndProject
Global
	GlobalSection(SolutionConfigurationPlatforms) = preSolution
		Debug|Any CPU = Debug|Any CPU
		Release|Any CPU = Release|Any CPU
	EndGlobalSection
	GlobalSection(ProjectConfigurationPlatforms) = postSolution
		{4A03EFCA-673A-4F46-9C68-2F7B6D27DA84}.Debug|Any CPU.ActiveCfg = Debug|Any CPU
		{4A03EFCA-673A-4F46-9C68-2F7B6D27DA84}.Debug|Any CPU.Build.0 = Debug|Any CPU
		{4A03EFCA-673A-4F46-9C68-2F7B6D27DA84}.Release|Any CPU.ActiveCfg = Release|Any CPU
		{4A03EFCA-673A-4F46-9C68-2F7B6D27DA84}.Release|Any CPU.Build.0 = Release|Any CPU
		{16CEF8D2-7D6A-4A45-B8C3-1735C1C49F59}.Debug|Any CPU.ActiveCfg = Debug|Any CPU
		{16CEF8D2-7D6A-4A45-B8C3-1735C1C49F59}.Debug|Any CPU.Build.0 = Debug|Any CPU
		{16CEF8D2-7D6A-4A45-B8C3-1735C1C49F59}.Release|Any CPU.ActiveCfg = Release|Any CPU
		{16CEF8D2-7D6A-4A45-B8C3-1735C1C49F59}.Release|Any CPU.Build.0 = Release|Any CPU
		{5D99B728-43C3-4A82-A792-550F5A08FAB6}.Debug|Any CPU.ActiveCfg = Debug|Any CPU
		{5D99B728-43C3-4A82-A792-550F5A08FAB6}.Debug|Any CPU.Build.0 = Debug|Any CPU
		{5D99B728-43C3-4A82-A792-550F5A08FAB6}.Release|Any CPU.ActiveCfg = Release|Any CPU
		{5D99B728-43C3-4A82-A792-550F5A08FAB6}.Release|Any CPU.Build.0 = Release|Any CPU
		{E684D36C-D2A1-4CE9-BCC5-EE3A3BFB1012}.Debug|Any CPU.ActiveCfg = Debug|Any CPU
		{E684D36C-D2A1-4CE9-BCC5-EE3A3BFB1012}.Debug|Any CPU.Build.0 = Debug|Any CPU
		{E684D36C-D2A1-4CE9-BCC5-EE3A3BFB1012}.Release|Any CPU.ActiveCfg = Release|Any CPU
		{E684D36C-D2A1-4CE9-BCC5-EE3A3BFB1012}.Release|Any CPU.Build.0 = Release|Any CPU
		{58EA82ED-A0C7-4BC0-9A30-87688EDC6A15}.Debug|Any CPU.ActiveCfg = Debug|Any CPU
		{58EA82ED-A0C7-4BC0-9A30-87688EDC6A15}.Debug|Any CPU.Build.0 = Debug|Any CPU
		{58EA82ED-A0C7-4BC0-9A30-87688EDC6A15}.Release|Any CPU.ActiveCfg = Release|Any CPU
		{58EA82ED-A0C7-4BC0-9A30-87688EDC6A15}.Release|Any CPU.Build.0 = Release|Any CPU
		{B20E3ABA-95D7-4AB6-8896-85850F857B8F}.Debug|Any CPU.ActiveCfg = Debug|Any CPU
		{B20E3ABA-95D7-4AB6-8896-85850F857B8F}.Debug|Any CPU.Build.0 = Debug|Any CPU
		{B20E3ABA-95D7-4AB6-8896-85850F857B8F}.Release|Any CPU.ActiveCfg = Release|Any CPU
		{B20E3ABA-95D7-4AB6-8896-85850F857B8F}.Release|Any CPU.Build.0 = Release|Any CPU
		{88E7B3D9-7413-4DA6-AB9F-2AA357CAC582}.Debug|Any CPU.ActiveCfg = Debug|Any CPU
		{88E7B3D9-7413-4DA6-AB9F-2AA357CAC582}.Debug|Any CPU.Build.0 = Debug|Any CPU
		{88E7B3D9-7413-4DA6-AB9F-2AA357CAC582}.Release|Any CPU.ActiveCfg = Release|Any CPU
		{88E7B3D9-7413-4DA6-AB9F-2AA357CAC582}.Release|Any CPU.Build.0 = Release|Any CPU
		{14241BF0-947E-4A26-A0E2-6B679BC5FC31}.Debug|Any CPU.ActiveCfg = Debug|Any CPU
		{14241BF0-947E-4A26-A0E2-6B679BC5FC31}.Debug|Any CPU.Build.0 = Debug|Any CPU
		{14241BF0-947E-4A26-A0E2-6B679BC5FC31}.Release|Any CPU.ActiveCfg = Release|Any CPU
		{14241BF0-947E-4A26-A0E2-6B679BC5FC31}.Release|Any CPU.Build.0 = Release|Any CPU
		{5EF8768D-635A-48A3-8270-2F3DA8AC53D7}.Debug|Any CPU.ActiveCfg = Debug|Any CPU
		{5EF8768D-635A-48A3-8270-2F3DA8AC53D7}.Debug|Any CPU.Build.0 = Debug|Any CPU
		{5EF8768D-635A-48A3-8270-2F3DA8AC53D7}.Release|Any CPU.ActiveCfg = Release|Any CPU
		{5EF8768D-635A-48A3-8270-2F3DA8AC53D7}.Release|Any CPU.Build.0 = Release|Any CPU
		{4609B3CB-480C-4330-91DD-8441D990B743}.Debug|Any CPU.ActiveCfg = Debug|Any CPU
		{4609B3CB-480C-4330-91DD-8441D990B743}.Debug|Any CPU.Build.0 = Debug|Any CPU
		{4609B3CB-480C-4330-91DD-8441D990B743}.Release|Any CPU.ActiveCfg = Release|Any CPU
		{4609B3CB-480C-4330-91DD-8441D990B743}.Release|Any CPU.Build.0 = Release|Any CPU
		{AD6546D5-E027-48FA-83A8-78D627442854}.Debug|Any CPU.ActiveCfg = Debug|Any CPU
		{AD6546D5-E027-48FA-83A8-78D627442854}.Debug|Any CPU.Build.0 = Debug|Any CPU
		{AD6546D5-E027-48FA-83A8-78D627442854}.Release|Any CPU.ActiveCfg = Release|Any CPU
		{AD6546D5-E027-48FA-83A8-78D627442854}.Release|Any CPU.Build.0 = Release|Any CPU
		{9F869896-DC4B-4EBC-866F-407E5208C154}.Debug|Any CPU.ActiveCfg = Debug|Any CPU
		{9F869896-DC4B-4EBC-866F-407E5208C154}.Debug|Any CPU.Build.0 = Debug|Any CPU
		{9F869896-DC4B-4EBC-866F-407E5208C154}.Release|Any CPU.ActiveCfg = Release|Any CPU
		{9F869896-DC4B-4EBC-866F-407E5208C154}.Release|Any CPU.Build.0 = Release|Any CPU
		{59E20193-3D74-49A4-BB48-6586165CAC8D}.Debug|Any CPU.ActiveCfg = Debug|Any CPU
		{59E20193-3D74-49A4-BB48-6586165CAC8D}.Debug|Any CPU.Build.0 = Debug|Any CPU
		{59E20193-3D74-49A4-BB48-6586165CAC8D}.Release|Any CPU.ActiveCfg = Release|Any CPU
		{59E20193-3D74-49A4-BB48-6586165CAC8D}.Release|Any CPU.Build.0 = Release|Any CPU
	EndGlobalSection
	GlobalSection(SolutionProperties) = preSolution
		HideSolutionNode = FALSE
	EndGlobalSection
	GlobalSection(NestedProjects) = preSolution
		{16CEF8D2-7D6A-4A45-B8C3-1735C1C49F59} = {EFBBA5D3-028D-4911-BB6C-19F976CBD25D}
		{5D99B728-43C3-4A82-A792-550F5A08FAB6} = {79039FF4-9D69-49E7-82C1-4B43EC6E4685}
		{E684D36C-D2A1-4CE9-BCC5-EE3A3BFB1012} = {79039FF4-9D69-49E7-82C1-4B43EC6E4685}
		{58EA82ED-A0C7-4BC0-9A30-87688EDC6A15} = {79039FF4-9D69-49E7-82C1-4B43EC6E4685}
		{B20E3ABA-95D7-4AB6-8896-85850F857B8F} = {1FB5AD18-BC8C-424A-89DA-12AAAD1CA38B}
		{88E7B3D9-7413-4DA6-AB9F-2AA357CAC582} = {1FB5AD18-BC8C-424A-89DA-12AAAD1CA38B}
		{14241BF0-947E-4A26-A0E2-6B679BC5FC31} = {1FB5AD18-BC8C-424A-89DA-12AAAD1CA38B}
		{5EF8768D-635A-48A3-8270-2F3DA8AC53D7} = {EFBBA5D3-028D-4911-BB6C-19F976CBD25D}
		{4609B3CB-480C-4330-91DD-8441D990B743} = {EFBBA5D3-028D-4911-BB6C-19F976CBD25D}
		{9F869896-DC4B-4EBC-866F-407E5208C154} = {79039FF4-9D69-49E7-82C1-4B43EC6E4685}
	EndGlobalSection
	GlobalSection(ExtensibilityGlobals) = postSolution
		SolutionGuid = {51B7BC1A-E290-4FB3-BD44-25797EFA4B59}
	EndGlobalSection
EndGlobal
